<?xml version="1.0" encoding="utf-8"?>
<Project ToolsVersion="4.0" xmlns="http://schemas.microsoft.com/developer/msbuild/2003">
  <ItemGroup>
    <Filter Include="Source Files">
      <UniqueIdentifier>{4FC737F1-C7A5-4376-A066-2A32D752A2FF}</UniqueIdentifier>
      <Extensions>cpp;c;cc;cxx;c++;cppm;ixx;def;odl;idl;hpj;bat;asm;asmx</Extensions>
    </Filter>
    <Filter Include="Header Files">
      <UniqueIdentifier>{93995380-89BD-4b04-88EB-625FBE52EBFB}</UniqueIdentifier>
      <Extensions>h;hh;hpp;hxx;h++;hm;inl;inc;ipp;xsd</Extensions>
    </Filter>
    <Filter Include="Resource Files">
      <UniqueIdentifier>{67DA6AB6-F800-4c08-8B7A-83BB121AAD01}</UniqueIdentifier>
      <Extensions>rc;ico;cur;bmp;dlg;rc2;rct;bin;rgs;gif;jpg;jpeg;jpe;resx;tiff;tif;png;wav;mfcribbon-ms</Extensions>
    </Filter>
  </ItemGroup>
  <ItemGroup>
    <ClInclude Include="framework.h">
      <Filter>Header Files</Filter>
    </ClInclude>
    <ClInclude Include="Hooking.Patterns.h">
      <Filter>Header Files</Filter>
    </ClInclude>
    <ClInclude Include="ConvertUTF.h">
      <Filter>Header Files</Filter>
    </ClInclude>
    <ClInclude Include="SimpleIni.h">
      <Filter>Header Files</Filter>
    </ClInclude>
    <ClInclude Include="MGS2.framework.h">
      <Filter>Header Files</Filter>
    </ClInclude>
    <ClInclude Include="UnMetal.framework.h">
      <Filter>Header Files</Filter>
    </ClInclude>
  </ItemGroup>
  <ItemGroup>
    <ClCompile Include="dllmain.cpp">
      <Filter>Source Files</Filter>
    </ClCompile>
    <ClCompile Include="Hooking.Patterns.cpp">
      <Filter>Source Files</Filter>
    </ClCompile>
    <ClCompile Include="mem.cpp">
      <Filter>Source Files</Filter>
    </ClCompile>
    <ClCompile Include="UnMetal.cpp">
      <Filter>Source Files</Filter>
    </ClCompile>
    <ClCompile Include="MGS2.cpp">
      <Filter>Source Files</Filter>
    </ClCompile>
    <ClCompile Include="ConvertUTF.c">
      <Filter>Source Files</Filter>
    </ClCompile>
    <ClCompile Include="MGS2.TurboDisplay.cpp">
      <Filter>Source Files</Filter>
    </ClCompile>
    <ClCompile Include="MGS2.Timer.cpp">
      <Filter>Source Files</Filter>
    </ClCompile>
    <ClCompile Include="MGS2.Caution.cpp">
      <Filter>Source Files</Filter>
    </ClCompile>
    <ClCompile Include="MGS2.Turbo.cpp">
      <Filter>Source Files</Filter>
    </ClCompile>
    <ClCompile Include="MGS2.TextChange.cpp">
      <Filter>Source Files</Filter>
    </ClCompile>
    <ClCompile Include="MGS2.FirstPerson.cpp">
      <Filter>Source Files</Filter>
    </ClCompile>
    <ClCompile Include="MGS2.SaveLocation.cpp">
      <Filter>Source Files</Filter>
    </ClCompile>
    <ClCompile Include="MGS2.SoftReset.cpp">
      <Filter>Source Files</Filter>
    </ClCompile>
    <ClCompile Include="MGS2.InputDisplay.cpp">
      <Filter>Source Files</Filter>
    </ClCompile>
    <ClCompile Include="MGS2.NewGameInfo.cpp">
      <Filter>Source Files</Filter>
    </ClCompile>
    <ClCompile Include="MGS2.Options.cpp">
      <Filter>Source Files</Filter>
    </ClCompile>
    <ClCompile Include="MGS2.Performance.cpp">
      <Filter>Source Files</Filter>
    </ClCompile>
    <ClCompile Include="Config.cpp">
      <Filter>Source Files</Filter>
    </ClCompile>
    <ClCompile Include="MGS2.SaveGame.cpp">
      <Filter>Source Files</Filter>
    </ClCompile>
    <ClCompile Include="MGS2.Actions.cpp">
      <Filter>Source Files</Filter>
    </ClCompile>
    <ClCompile Include="MGS2.DelayedLoad.cpp">
      <Filter>Source Files</Filter>
    </ClCompile>
    <ClCompile Include="MGS2.Wet.cpp">
      <Filter>Source Files</Filter>
    </ClCompile>
  </ItemGroup>
  <ItemGroup>
    <CopyFileToFolders Include="Config\MGS2.UnlockRadar.ini" />
    <CopyFileToFolders Include="Config\MGS2.Caution.ini" />
    <CopyFileToFolders Include="Config\MGS2.ini" />
    <CopyFileToFolders Include="Config\MGS2.DrebinMode.ini" />
    <CopyFileToFolders Include="Config\MGS2.FirstPerson.ini" />
    <CopyFileToFolders Include="Config\MGS2.NewGameInfo.ini" />
    <CopyFileToFolders Include="Config\MGS2.NoQuitPrompt.ini" />
    <CopyFileToFolders Include="Config\MGS2.Options.ini" />
    <CopyFileToFolders Include="Config\MGS2.PS2Controls.ini" />
    <CopyFileToFolders Include="Config\MGS2.SaveLocation.ini" />
    <CopyFileToFolders Include="Config\MGS2.SoftReset.ini" />
    <CopyFileToFolders Include="Config\MGS2.TextChange.ini" />
    <CopyFileToFolders Include="Config\MGS2.Timer.ini" />
    <CopyFileToFolders Include="Config\MGS2.Turbo.ini" />
    <CopyFileToFolders Include="Config\MGS2.TurboDisplay.ini" />
    <CopyFileToFolders Include="Config\MGS2.DInputBackground.ini" />
    <CopyFileToFolders Include="Config\MGS2.Wet.ini" />
    <CopyFileToFolders Include="Config\MGS2.Performance.ini" />
    <CopyFileToFolders Include="MGS2.README.txt" />
    <CopyFileToFolders Include="Config\MGS2.Actions.ini" />
    <CopyFileToFolders Include="Config\MGS2.DelayedLoad.ini" />
    <CopyFileToFolders Include="Config\MGS2.Affinity.ini" />
  </ItemGroup>
</Project>